// !$*UTF8*$!
{
	archiveVersion = 1;
	classes = {
	};
	objectVersion = 46;
	objects = {

/* Begin PBXBuildFile section */
		A987ADB21A396F6800E414A6 /* main.m in Sources */ = {isa = PBXBuildFile; fileRef = A987ADB11A396F6800E414A6 /* main.m */; };
		A987ADB51A396F6800E414A6 /* HTHAppDelegate.m in Sources */ = {isa = PBXBuildFile; fileRef = A987ADB41A396F6800E414A6 /* HTHAppDelegate.m */; };
		A987ADB81A396F6800E414A6 /* HTHViewController.m in Sources */ = {isa = PBXBuildFile; fileRef = A987ADB71A396F6800E414A6 /* HTHViewController.m */; };
		A987ADBD1A396F6800E414A6 /* Images.xcassets in Resources */ = {isa = PBXBuildFile; fileRef = A987ADBC1A396F6800E414A6 /* Images.xcassets */; };
		A987ADCC1A396F6800E414A6 /* NSAttributedString_MarkdownTests.m in Sources */ = {isa = PBXBuildFile; fileRef = A987ADCB1A396F6800E414A6 /* NSAttributedString_MarkdownTests.m */; };
/* End PBXBuildFile section */

/* Begin PBXContainerItemProxy section */
		A987ADC61A396F6800E414A6 /* PBXContainerItemProxy */ = {
			isa = PBXContainerItemProxy;
			containerPortal = A987ADA41A396F6800E414A6 /* Project object */;
			proxyType = 1;
			remoteGlobalIDString = A987ADAB1A396F6800E414A6;
			remoteInfo = "NSAttributedString-Markdown";
		};
/* End PBXContainerItemProxy section */

/* Begin PBXFileReference section */
		A987ADAC1A396F6800E414A6 /* NSAttributedString-Markdown.app */ = {isa = PBXFileReference; explicitFileType = wrapper.application; includeInIndex = 0; path = "NSAttributedString-Markdown.app"; sourceTree = BUILT_PRODUCTS_DIR; };
		A987ADB01A396F6800E414A6 /* Info.plist */ = {isa = PBXFileReference; lastKnownFileType = text.plist.xml; path = Info.plist; sourceTree = "<group>"; };
		A987ADB11A396F6800E414A6 /* main.m */ = {isa = PBXFileReference; lastKnownFileType = sourcecode.c.objc; path = main.m; sourceTree = "<group>"; };
		A987ADB31A396F6800E414A6 /* HTHAppDelegate.h */ = {isa = PBXFileReference; lastKnownFileType = sourcecode.c.h; path = HTHAppDelegate.h; sourceTree = "<group>"; };
		A987ADB41A396F6800E414A6 /* HTHAppDelegate.m */ = {isa = PBXFileReference; lastKnownFileType = sourcecode.c.objc; path = HTHAppDelegate.m; sourceTree = "<group>"; };
		A987ADB61A396F6800E414A6 /* HTHViewController.h */ = {isa = PBXFileReference; lastKnownFileType = sourcecode.c.h; path = HTHViewController.h; sourceTree = "<group>"; };
		A987ADB71A396F6800E414A6 /* HTHViewController.m */ = {isa = PBXFileReference; lastKnownFileType = sourcecode.c.objc; path = HTHViewController.m; sourceTree = "<group>"; };
		A987ADBC1A396F6800E414A6 /* Images.xcassets */ = {isa = PBXFileReference; lastKnownFileType = folder.assetcatalog; path = Images.xcassets; sourceTree = "<group>"; };
		A987ADC51A396F6800E414A6 /* NSAttributedString-MarkdownTests.xctest */ = {isa = PBXFileReference; explicitFileType = wrapper.cfbundle; includeInIndex = 0; path = "NSAttributedString-MarkdownTests.xctest"; sourceTree = BUILT_PRODUCTS_DIR; };
		A987ADCA1A396F6800E414A6 /* Info.plist */ = {isa = PBXFileReference; lastKnownFileType = text.plist.xml; path = Info.plist; sourceTree = "<group>"; };
		A987ADCB1A396F6800E414A6 /* NSAttributedString_MarkdownTests.m */ = {isa = PBXFileReference; lastKnownFileType = sourcecode.c.objc; path = NSAttributedString_MarkdownTests.m; sourceTree = "<group>"; };
/* End PBXFileReference section */

/* Begin PBXFrameworksBuildPhase section */
		A987ADA91A396F6800E414A6 /* Frameworks */ = {
			isa = PBXFrameworksBuildPhase;
			buildActionMask = 2147483647;
			files = (
			);
			runOnlyForDeploymentPostprocessing = 0;
		};
		A987ADC21A396F6800E414A6 /* Frameworks */ = {
			isa = PBXFrameworksBuildPhase;
			buildActionMask = 2147483647;
			files = (
			);
			runOnlyForDeploymentPostprocessing = 0;
		};
/* End PBXFrameworksBuildPhase section */

/* Begin PBXGroup section */
		A987ADA31A396F6800E414A6 = {
			isa = PBXGroup;
			children = (
				A987ADAE1A396F6800E414A6 /* NSAttributedString-Markdown */,
				A987ADC81A396F6800E414A6 /* NSAttributedString-MarkdownTests */,
				A987ADAD1A396F6800E414A6 /* Products */,
			);
			sourceTree = "<group>";
		};
		A987ADAD1A396F6800E414A6 /* Products */ = {
			isa = PBXGroup;
			children = (
				A987ADAC1A396F6800E414A6 /* NSAttributedString-Markdown.app */,
				A987ADC51A396F6800E414A6 /* NSAttributedString-MarkdownTests.xctest */,
			);
			name = Products;
			sourceTree = "<group>";
		};
		A987ADAE1A396F6800E414A6 /* NSAttributedString-Markdown */ = {
			isa = PBXGroup;
			children = (
				A987ADB31A396F6800E414A6 /* HTHAppDelegate.h */,
				A987ADB41A396F6800E414A6 /* HTHAppDelegate.m */,
				A987ADB61A396F6800E414A6 /* HTHViewController.h */,
				A987ADB71A396F6800E414A6 /* HTHViewController.m */,
				A987ADBC1A396F6800E414A6 /* Images.xcassets */,
				A987ADAF1A396F6800E414A6 /* Supporting Files */,
			);
			path = "NSAttributedString-Markdown";
			sourceTree = "<group>";
		};
		A987ADAF1A396F6800E414A6 /* Supporting Files */ = {
			isa = PBXGroup;
			children = (
				A987ADB01A396F6800E414A6 /* Info.plist */,
				A987ADB11A396F6800E414A6 /* main.m */,
			);
			name = "Supporting Files";
			sourceTree = "<group>";
		};
		A987ADC81A396F6800E414A6 /* NSAttributedString-MarkdownTests */ = {
			isa = PBXGroup;
			children = (
				A987ADCB1A396F6800E414A6 /* NSAttributedString_MarkdownTests.m */,
				A987ADC91A396F6800E414A6 /* Supporting Files */,
			);
			path = "NSAttributedString-MarkdownTests";
			sourceTree = "<group>";
		};
		A987ADC91A396F6800E414A6 /* Supporting Files */ = {
			isa = PBXGroup;
			children = (
				A987ADCA1A396F6800E414A6 /* Info.plist */,
			);
			name = "Supporting Files";
			sourceTree = "<group>";
		};
/* End PBXGroup section */

/* Begin PBXNativeTarget section */
		A987ADAB1A396F6800E414A6 /* NSAttributedString-Markdown */ = {
			isa = PBXNativeTarget;
			buildConfigurationList = A987ADCF1A396F6800E414A6 /* Build configuration list for PBXNativeTarget "NSAttributedString-Markdown" */;
			buildPhases = (
				A987ADA81A396F6800E414A6 /* Sources */,
				A987ADA91A396F6800E414A6 /* Frameworks */,
				A987ADAA1A396F6800E414A6 /* Resources */,
			);
			buildRules = (
			);
			dependencies = (
			);
			name = "NSAttributedString-Markdown";
			productName = "NSAttributedString-Markdown";
			productReference = A987ADAC1A396F6800E414A6 /* NSAttributedString-Markdown.app */;
			productType = "com.apple.product-type.application";
		};
		A987ADC41A396F6800E414A6 /* NSAttributedString-MarkdownTests */ = {
			isa = PBXNativeTarget;
			buildConfigurationList = A987ADD21A396F6800E414A6 /* Build configuration list for PBXNativeTarget "NSAttributedString-MarkdownTests" */;
			buildPhases = (
				A987ADC11A396F6800E414A6 /* Sources */,
				A987ADC21A396F6800E414A6 /* Frameworks */,
				A987ADC31A396F6800E414A6 /* Resources */,
			);
			buildRules = (
			);
			dependencies = (
				A987ADC71A396F6800E414A6 /* PBXTargetDependency */,
			);
			name = "NSAttributedString-MarkdownTests";
			productName = "NSAttributedString-MarkdownTests";
			productReference = A987ADC51A396F6800E414A6 /* NSAttributedString-MarkdownTests.xctest */;
			productType = "com.apple.product-type.bundle.unit-test";
		};
/* End PBXNativeTarget section */

/* Begin PBXProject section */
		A987ADA41A396F6800E414A6 /* Project object */ = {
			isa = PBXProject;
			attributes = {
				LastUpgradeCheck = 0610;
				ORGANIZATIONNAME = "Theuner, Heiko";
				TargetAttributes = {
					A987ADAB1A396F6800E414A6 = {
						CreatedOnToolsVersion = 6.1;
					};
					A987ADC41A396F6800E414A6 = {
						CreatedOnToolsVersion = 6.1;
						TestTargetID = A987ADAB1A396F6800E414A6;
					};
				};
			};
			buildConfigurationList = A987ADA71A396F6800E414A6 /* Build configuration list for PBXProject "NSAttributedString-Markdown" */;
			compatibilityVersion = "Xcode 3.2";
			developmentRegion = English;
			hasScannedForEncodings = 0;
			knownRegions = (
				en,
				Base,
			);
			mainGroup = A987ADA31A396F6800E414A6;
			productRefGroup = A987ADAD1A396F6800E414A6 /* Products */;
			projectDirPath = "";
			projectRoot = "";
			targets = (
				A987ADAB1A396F6800E414A6 /* NSAttributedString-Markdown */,
				A987ADC41A396F6800E414A6 /* NSAttributedString-MarkdownTests */,
			);
		};
/* End PBXProject section */

/* Begin PBXResourcesBuildPhase section */
		A987ADAA1A396F6800E414A6 /* Resources */ = {
			isa = PBXResourcesBuildPhase;
			buildActionMask = 2147483647;
			files = (
				A987ADBD1A396F6800E414A6 /* Images.xcassets in Resources */,
			);
			runOnlyForDeploymentPostprocessing = 0;
		};
		A987ADC31A396F6800E414A6 /* Resources */ = {
			isa = PBXResourcesBuildPhase;
			buildActionMask = 2147483647;
			files = (
			);
			runOnlyForDeploymentPostprocessing = 0;
		};
/* End PBXResourcesBuildPhase section */

/* Begin PBXSourcesBuildPhase section */
		A987ADA81A396F6800E414A6 /* Sources */ = {
			isa = PBXSourcesBuildPhase;
			buildActionMask = 2147483647;
			files = (
				A987ADB81A396F6800E414A6 /* HTHViewController.m in Sources */,
				A987ADB51A396F6800E414A6 /* HTHAppDelegate.m in Sources */,
				A987ADB21A396F6800E414A6 /* main.m in Sources */,
			);
			runOnlyForDeploymentPostprocessing = 0;
		};
		A987ADC11A396F6800E414A6 /* Sources */ = {
			isa = PBXSourcesBuildPhase;
			buildActionMask = 2147483647;
			files = (
				A987ADCC1A396F6800E414A6 /* NSAttributedString_MarkdownTests.m in Sources */,
			);
			runOnlyForDeploymentPostprocessing = 0;
		};
/* End PBXSourcesBuildPhase section */

/* Begin PBXTargetDependency section */
		A987ADC71A396F6800E414A6 /* PBXTargetDependency */ = {
			isa = PBXTargetDependency;
			target = A987ADAB1A396F6800E414A6 /* NSAttributedString-Markdown */;
			targetProxy = A987ADC61A396F6800E414A6 /* PBXContainerItemProxy */;
		};
/* End PBXTargetDependency section */

/* Begin XCBuildConfiguration section */
		A987ADCD1A396F6800E414A6 /* Debug */ = {
			isa = XCBuildConfiguration;
			buildSettings = {
				ALWAYS_SEARCH_USER_PATHS = NO;
				CLANG_CXX_LANGUAGE_STANDARD = "gnu++0x";
				CLANG_CXX_LIBRARY = "libc++";
				CLANG_ENABLE_MODULES = YES;
				CLANG_ENABLE_OBJC_ARC = YES;
				CLANG_WARN_BOOL_CONVERSION = YES;
				CLANG_WARN_CONSTANT_CONVERSION = YES;
				CLANG_WARN_DIRECT_OBJC_ISA_USAGE = YES_ERROR;
				CLANG_WARN_EMPTY_BODY = YES;
				CLANG_WARN_ENUM_CONVERSION = YES;
				CLANG_WARN_INT_CONVERSION = YES;
				CLANG_WARN_OBJC_ROOT_CLASS = YES_ERROR;
				CLANG_WARN_UNREACHABLE_CODE = YES;
				CLANG_WARN__DUPLICATE_METHOD_MATCH = YES;
				"CODE_SIGN_IDENTITY[sdk=iphoneos*]" = "iPhone Developer";
				COPY_PHASE_STRIP = NO;
				ENABLE_STRICT_OBJC_MSGSEND = YES;
				GCC_C_LANGUAGE_STANDARD = gnu99;
				GCC_DYNAMIC_NO_PIC = NO;
				GCC_OPTIMIZATION_LEVEL = 0;
				GCC_PREPROCESSOR_DEFINITIONS = (
					"DEBUG=1",
					"$(inherited)",
				);
				GCC_SYMBOLS_PRIVATE_EXTERN = NO;
				GCC_WARN_64_TO_32_BIT_CONVERSION = YES;
				GCC_WARN_ABOUT_RETURN_TYPE = YES_ERROR;
				GCC_WARN_UNDECLARED_SELECTOR = YES;
				GCC_WARN_UNINITIALIZED_AUTOS = YES_AGGRESSIVE;
				GCC_WARN_UNUSED_FUNCTION = YES;
				GCC_WARN_UNUSED_VARIABLE = YES;
				IPHONEOS_DEPLOYMENT_TARGET = 8.1;
				MTL_ENABLE_DEBUG_INFO = YES;
				ONLY_ACTIVE_ARCH = YES;
				SDKROOT = iphoneos;
				TARGETED_DEVICE_FAMILY = "1,2";
			};
			name = Debug;
		};
		A987ADCE1A396F6800E414A6 /* Release */ = {
			isa = XCBuildConfiguration;
			buildSettings = {
				ALWAYS_SEARCH_USER_PATHS = NO;
				CLANG_CXX_LANGUAGE_STANDARD = "gnu++0x";
				CLANG_CXX_LIBRARY = "libc++";
				CLANG_ENABLE_MODULES = YES;
				CLANG_ENABLE_OBJC_ARC = YES;
				CLANG_WARN_BOOL_CONVERSION = YES;
				CLANG_WARN_CONSTANT_CONVERSION = YES;
				CLANG_WARN_DIRECT_OBJC_ISA_USAGE = YES_ERROR;
				CLANG_WARN_EMPTY_BODY = YES;
				CLANG_WARN_ENUM_CONVERSION = YES;
				CLANG_WARN_INT_CONVERSION = YES;
				CLANG_WARN_OBJC_ROOT_CLASS = YES_ERROR;
				CLANG_WARN_UNREACHABLE_CODE = YES;
				CLANG_WARN__DUPLICATE_METHOD_MATCH = YES;
				"CODE_SIGN_IDENTITY[sdk=iphoneos*]" = "iPhone Developer";
				COPY_PHASE_STRIP = YES;
				ENABLE_NS_ASSERTIONS = NO;
				ENABLE_STRICT_OBJC_MSGSEND = YES;
				GCC_C_LANGUAGE_STANDARD = gnu99;
				GCC_WARN_64_TO_32_BIT_CONVERSION = YES;
				GCC_WARN_ABOUT_RETURN_TYPE = YES_ERROR;
				GCC_WARN_UNDECLARED_SELECTOR = YES;
				GCC_WARN_UNINITIALIZED_AUTOS = YES_AGGRESSIVE;
				GCC_WARN_UNUSED_FUNCTION = YES;
				GCC_WARN_UNUSED_VARIABLE = YES;
				IPHONEOS_DEPLOYMENT_TARGET = 8.1;
				MTL_ENABLE_DEBUG_INFO = NO;
				SDKROOT = iphoneos;
				TARGETED_DEVICE_FAMILY = "1,2";
				VALIDATE_PRODUCT = YES;
			};
			name = Release;
		};
		A987ADD01A396F6800E414A6 /* Debug */ = {
			isa = XCBuildConfiguration;
			buildSettings = {
				ASSETCATALOG_COMPILER_APPICON_NAME = AppIcon;
				ASSETCATALOG_COMPILER_LAUNCHIMAGE_NAME = LaunchImage;
				INFOPLIST_FILE = "NSAttributedString-Markdown/Info.plist";
				LD_RUNPATH_SEARCH_PATHS = "$(inherited) @executable_path/Frameworks";
				PRODUCT_NAME = "$(TARGET_NAME)";
			};
			name = Debug;
		};
		A987ADD11A396F6800E414A6 /* Release */ = {
			isa = XCBuildConfiguration;
			buildSettings = {
				ASSETCATALOG_COMPILER_APPICON_NAME = AppIcon;
				ASSETCATALOG_COMPILER_LAUNCHIMAGE_NAME = LaunchImage;
				INFOPLIST_FILE = "NSAttributedString-Markdown/Info.plist";
				LD_RUNPATH_SEARCH_PATHS = "$(inherited) @executable_path/Frameworks";
				PRODUCT_NAME = "$(TARGET_NAME)";
			};
			name = Release;
		};
		A987ADD31A396F6800E414A6 /* Debug */ = {
			isa = XCBuildConfiguration;
			buildSettings = {
				BUNDLE_LOADER = "$(TEST_HOST)";
				FRAMEWORK_SEARCH_PATHS = (
					"$(SDKROOT)/Developer/Library/Frameworks",
					"$(inherited)",
				);
				GCC_PREPROCESSOR_DEFINITIONS = (
					"DEBUG=1",
					"$(inherited)",
				);
				INFOPLIST_FILE = "NSAttributedString-MarkdownTests/Info.plist";
				LD_RUNPATH_SEARCH_PATHS = "$(inherited) @executable_path/Frameworks @loader_path/Frameworks";
				PRODUCT_NAME = "$(TARGET_NAME)";
				TEST_HOST = "$(BUILT_PRODUCTS_DIR)/NSAttributedString-Markdown.app/NSAttributedString-Markdown";
			};
			name = Debug;
		};
		A987ADD41A396F6800E414A6 /* Release */ = {
			isa = XCBuildConfiguration;
			buildSettings = {
				BUNDLE_LOADER = "$(TEST_HOST)";
				FRAMEWORK_SEARCH_PATHS = (
					"$(SDKROOT)/Developer/Library/Frameworks",
					"$(inherited)",
				);
				INFOPLIST_FILE = "NSAttributedString-MarkdownTests/Info.plist";
				LD_RUNPATH_SEARCH_PATHS = "$(inherited) @executable_path/Frameworks @loader_path/Frameworks";
				PRODUCT_NAME = "$(TARGET_NAME)";
				TEST_HOST = "$(BUILT_PRODUCTS_DIR)/NSAttributedString-Markdown.app/NSAttributedString-Markdown";
			};
			name = Release;
		};
/* End XCBuildConfiguration section */

/* Begin XCConfigurationList section */
		A987ADA71A396F6800E414A6 /* Build configuration list for PBXProject "NSAttributedString-Markdown" */ = {
			isa = XCConfigurationList;
			buildConfigurations = (
				A987ADCD1A396F6800E414A6 /* Debug */,
				A987ADCE1A396F6800E414A6 /* Release */,
			);
			defaultConfigurationIsVisible = 0;
			defaultConfigurationName = Release;
		};
		A987ADCF1A396F6800E414A6 /* Build configuration list for PBXNativeTarget "NSAttributedString-Markdown" */ = {
			isa = XCConfigurationList;
			buildConfigurations = (
				A987ADD01A396F6800E414A6 /* Debug */,
				A987ADD11A396F6800E414A6 /* Release */,
			);
			defaultConfigurationIsVisible = 0;
		};
		A987ADD21A396F6800E414A6 /* Build configuration list for PBXNativeTarget "NSAttributedString-MarkdownTests" */ = {
			isa = XCConfigurationList;
			buildConfigurations = (
				A987ADD31A396F6800E414A6 /* Debug */,
				A987ADD41A396F6800E414A6 /* Release */,
			);
			defaultConfigurationIsVisible = 0;
		};
/* End XCConfigurationList section */
	};
	rootObject = A987ADA41A396F6800E414A6 /* Project object */;
}
